// !$*UTF8*$!
{
	archiveVersion = 1;
	classes = {
	};
	objectVersion = 50;
	objects = {

/* Begin PBXBuildFile section */
		ED373E58241829A8009E6CA0 /* Item.swift in Sources */ = {isa = PBXBuildFile; fileRef = ED373E57241829A8009E6CA0 /* Item.swift */; };
		ED73266E2425360800D40563 /* Easysplit in Resources */ = {isa = PBXBuildFile; fileRef = ED73266D2425360800D40563 /* Easysplit */; };
		ED8AB832241ABB8900FE7295 /* Pessoa.swift in Sources */ = {isa = PBXBuildFile; fileRef = ED8AB831241ABB8900FE7295 /* Pessoa.swift */; };
		EDC9FDF8240ED92200E36589 /* AppDelegate.swift in Sources */ = {isa = PBXBuildFile; fileRef = EDC9FDF7240ED92200E36589 /* AppDelegate.swift */; };
		EDC9FDFA240ED92200E36589 /* SceneDelegate.swift in Sources */ = {isa = PBXBuildFile; fileRef = EDC9FDF9240ED92200E36589 /* SceneDelegate.swift */; };
		EDC9FDFC240ED92200E36589 /* ViewController.swift in Sources */ = {isa = PBXBuildFile; fileRef = EDC9FDFB240ED92200E36589 /* ViewController.swift */; };
		EDC9FDFF240ED92200E36589 /* Main.storyboard in Resources */ = {isa = PBXBuildFile; fileRef = EDC9FDFD240ED92200E36589 /* Main.storyboard */; };
		EDC9FE01240ED92600E36589 /* Assets.xcassets in Resources */ = {isa = PBXBuildFile; fileRef = EDC9FE00240ED92600E36589 /* Assets.xcassets */; };
		EDC9FE04240ED92600E36589 /* LaunchScreen.storyboard in Resources */ = {isa = PBXBuildFile; fileRef = EDC9FE02240ED92600E36589 /* LaunchScreen.storyboard */; };
/* End PBXBuildFile section */

/* Begin PBXFileReference section */
		ED373E57241829A8009E6CA0 /* Item.swift */ = {isa = PBXFileReference; lastKnownFileType = sourcecode.swift; path = Item.swift; sourceTree = "<group>"; };
		ED73266D2425360800D40563 /* Easysplit */ = {isa = PBXFileReference; lastKnownFileType = folder; name = Easysplit; sourceTree = "<group>"; };
		ED8AB831241ABB8900FE7295 /* Pessoa.swift */ = {isa = PBXFileReference; lastKnownFileType = sourcecode.swift; path = Pessoa.swift; sourceTree = "<group>"; };
		EDC9FDF4240ED92200E36589 /* Easysplit.app */ = {isa = PBXFileReference; explicitFileType = wrapper.application; includeInIndex = 0; path = Easysplit.app; sourceTree = BUILT_PRODUCTS_DIR; };
		EDC9FDF7240ED92200E36589 /* AppDelegate.swift */ = {isa = PBXFileReference; lastKnownFileType = sourcecode.swift; path = AppDelegate.swift; sourceTree = "<group>"; };
		EDC9FDF9240ED92200E36589 /* SceneDelegate.swift */ = {isa = PBXFileReference; lastKnownFileType = sourcecode.swift; path = SceneDelegate.swift; sourceTree = "<group>"; };
		EDC9FDFB240ED92200E36589 /* ViewController.swift */ = {isa = PBXFileReference; lastKnownFileType = sourcecode.swift; path = ViewController.swift; sourceTree = "<group>"; };
		EDC9FDFE240ED92200E36589 /* Base */ = {isa = PBXFileReference; lastKnownFileType = file.storyboard; name = Base; path = Base.lproj/Main.storyboard; sourceTree = "<group>"; };
		EDC9FE00240ED92600E36589 /* Assets.xcassets */ = {isa = PBXFileReference; lastKnownFileType = folder.assetcatalog; path = Assets.xcassets; sourceTree = "<group>"; };
		EDC9FE03240ED92600E36589 /* Base */ = {isa = PBXFileReference; lastKnownFileType = file.storyboard; name = Base; path = Base.lproj/LaunchScreen.storyboard; sourceTree = "<group>"; };
		EDC9FE05240ED92600E36589 /* Info.plist */ = {isa = PBXFileReference; lastKnownFileType = text.plist.xml; path = Info.plist; sourceTree = "<group>"; };
/* End PBXFileReference section */

/* Begin PBXFrameworksBuildPhase section */
		EDC9FDF1240ED92200E36589 /* Frameworks */ = {
			isa = PBXFrameworksBuildPhase;
			buildActionMask = 2147483647;
			files = (
			);
			runOnlyForDeploymentPostprocessing = 0;
		};
/* End PBXFrameworksBuildPhase section */

/* Begin PBXGroup section */
		EDC9FDEB240ED92200E36589 = {
			isa = PBXGroup;
			children = (
				EDC9FDF6240ED92200E36589 /* Easysplit */,
				EDC9FDF5240ED92200E36589 /* Products */,
			);
			sourceTree = "<group>";
		};
		EDC9FDF5240ED92200E36589 /* Products */ = {
			isa = PBXGroup;
			children = (
				EDC9FDF4240ED92200E36589 /* Easysplit.app */,
			);
			name = Products;
			sourceTree = "<group>";
		};
		EDC9FDF6240ED92200E36589 /* Easysplit */ = {
			isa = PBXGroup;
			children = (
				EDC9FDF7240ED92200E36589 /* AppDelegate.swift */,
				EDC9FDF9240ED92200E36589 /* SceneDelegate.swift */,
				EDC9FDFB240ED92200E36589 /* ViewController.swift */,
				ED373E57241829A8009E6CA0 /* Item.swift */,
				ED8AB831241ABB8900FE7295 /* Pessoa.swift */,
				EDC9FDFD240ED92200E36589 /* Main.storyboard */,
				EDC9FE00240ED92600E36589 /* Assets.xcassets */,
				ED73266D2425360800D40563 /* Easysplit */,
				EDC9FE02240ED92600E36589 /* LaunchScreen.storyboard */,
				EDC9FE05240ED92600E36589 /* Info.plist */,
			);
			path = Easysplit;
			sourceTree = "<group>";
		};
/* End PBXGroup section */

/* Begin PBXNativeTarget section */
		EDC9FDF3240ED92200E36589 /* Easysplit */ = {
			isa = PBXNativeTarget;
			buildConfigurationList = EDC9FE08240ED92600E36589 /* Build configuration list for PBXNativeTarget "Easysplit" */;
			buildPhases = (
				EDC9FDF0240ED92200E36589 /* Sources */,
				EDC9FDF1240ED92200E36589 /* Frameworks */,
				EDC9FDF2240ED92200E36589 /* Resources */,
			);
			buildRules = (
			);
			dependencies = (
			);
			name = Easysplit;
			productName = Easysplit;
			productReference = EDC9FDF4240ED92200E36589 /* Easysplit.app */;
			productType = "com.apple.product-type.application";
		};
/* End PBXNativeTarget section */

/* Begin PBXProject section */
		EDC9FDEC240ED92200E36589 /* Project object */ = {
			isa = PBXProject;
			attributes = {
				LastSwiftUpdateCheck = 1130;
				LastUpgradeCheck = 1130;
				ORGANIZATIONNAME = "Mirella Almeida da Silva";
				TargetAttributes = {
					EDC9FDF3240ED92200E36589 = {
						CreatedOnToolsVersion = 11.3.1;
					};
				};
			};
			buildConfigurationList = EDC9FDEF240ED92200E36589 /* Build configuration list for PBXProject "Easysplit" */;
			compatibilityVersion = "Xcode 9.3";
			developmentRegion = en;
			hasScannedForEncodings = 0;
			knownRegions = (
				en,
				Base,
			);
			mainGroup = EDC9FDEB240ED92200E36589;
			productRefGroup = EDC9FDF5240ED92200E36589 /* Products */;
			projectDirPath = "";
			projectRoot = "";
			targets = (
				EDC9FDF3240ED92200E36589 /* Easysplit */,
			);
		};
/* End PBXProject section */

/* Begin PBXResourcesBuildPhase section */
		EDC9FDF2240ED92200E36589 /* Resources */ = {
			isa = PBXResourcesBuildPhase;
			buildActionMask = 2147483647;
			files = (
				EDC9FE04240ED92600E36589 /* LaunchScreen.storyboard in Resources */,
				EDC9FE01240ED92600E36589 /* Assets.xcassets in Resources */,
				EDC9FDFF240ED92200E36589 /* Main.storyboard in Resources */,
				ED73266E2425360800D40563 /* Easysplit in Resources */,
			);
			runOnlyForDeploymentPostprocessing = 0;
		};
/* End PBXResourcesBuildPhase section */

/* Begin PBXSourcesBuildPhase section */
		EDC9FDF0240ED92200E36589 /* Sources */ = {
			isa = PBXSourcesBuildPhase;
			buildActionMask = 2147483647;
			files = (
				ED8AB832241ABB8900FE7295 /* Pessoa.swift in Sources */,
				ED373E58241829A8009E6CA0 /* Item.swift in Sources */,
				EDC9FDFC240ED92200E36589 /* ViewController.swift in Sources */,
				EDC9FDF8240ED92200E36589 /* AppDelegate.swift in Sources */,
				EDC9FDFA240ED92200E36589 /* SceneDelegate.swift in Sources */,
			);
			runOnlyForDeploymentPostprocessing = 0;
		};
/* End PBXSourcesBuildPhase section */

/* Begin PBXVariantGroup section */
		EDC9FDFD240ED92200E36589 /* Main.storyboard */ = {
			isa = PBXVariantGroup;
			children = (
				EDC9FDFE240ED92200E36589 /* Base */,
			);
			name = Main.storyboard;
			sourceTree = "<group>";
		};
		EDC9FE02240ED92600E36589 /* LaunchScreen.storyboard */ = {
			isa = PBXVariantGroup;
			children = (
				EDC9FE03240ED92600E36589 /* Base */,
			);
			name = LaunchScreen.storyboard;
			sourceTree = "<group>";
		};
/* End PBXVariantGroup section */

/* Begin XCBuildConfiguration section */
		EDC9FE06240ED92600E36589 /* Debug */ = {
			isa = XCBuildConfiguration;
			buildSettings = {
				ALWAYS_SEARCH_USER_PATHS = NO;
				CLANG_ANALYZER_NONNULL = YES;
				CLANG_ANALYZER_NUMBER_OBJECT_CONVERSION = YES_AGGRESSIVE;
				CLANG_CXX_LANGUAGE_STANDARD = "gnu++14";
				CLANG_CXX_LIBRARY = "libc++";
				CLANG_ENABLE_MODULES = YES;
				CLANG_ENABLE_OBJC_ARC = YES;
				CLANG_ENABLE_OBJC_WEAK = YES;
				CLANG_WARN_BLOCK_CAPTURE_AUTORELEASING = YES;
				CLANG_WARN_BOOL_CONVERSION = YES;
				CLANG_WARN_COMMA = YES;
				CLANG_WARN_CONSTANT_CONVERSION = YES;
				CLANG_WARN_DEPRECATED_OBJC_IMPLEMENTATIONS = YES;
				CLANG_WARN_DIRECT_OBJC_ISA_USAGE = YES_ERROR;
				CLANG_WARN_DOCUMENTATION_COMMENTS = YES;
				CLANG_WARN_EMPTY_BODY = YES;
				CLANG_WARN_ENUM_CONVERSION = YES;
				CLANG_WARN_INFINITE_RECURSION = YES;
				CLANG_WARN_INT_CONVERSION = YES;
				CLANG_WARN_NON_LITERAL_NULL_CONVERSION = YES;
				CLANG_WARN_OBJC_IMPLICIT_RETAIN_SELF = YES;
				CLANG_WARN_OBJC_LITERAL_CONVERSION = YES;
				CLANG_WARN_OBJC_ROOT_CLASS = YES_ERROR;
				CLANG_WARN_RANGE_LOOP_ANALYSIS = YES;
				CLANG_WARN_STRICT_PROTOTYPES = YES;
				CLANG_WARN_SUSPICIOUS_MOVE = YES;
				CLANG_WARN_UNGUARDED_AVAILABILITY = YES_AGGRESSIVE;
				CLANG_WARN_UNREACHABLE_CODE = YES;
				CLANG_WARN__DUPLICATE_METHOD_MATCH = YES;
				COPY_PHASE_STRIP = NO;
				DEBUG_INFORMATION_FORMAT = dwarf;
				ENABLE_STRICT_OBJC_MSGSEND = YES;
				ENABLE_TESTABILITY = YES;
				GCC_C_LANGUAGE_STANDARD = gnu11;
				GCC_DYNAMIC_NO_PIC = NO;
				GCC_NO_COMMON_BLOCKS = YES;
				GCC_OPTIMIZATION_LEVEL = 0;
				GCC_PREPROCESSOR_DEFINITIONS = (
					"DEBUG=1",
					"$(inherited)",
				);
				GCC_WARN_64_TO_32_BIT_CONVERSION = YES;
				GCC_WARN_ABOUT_RETURN_TYPE = YES_ERROR;
				GCC_WARN_UNDECLARED_SELECTOR = YES;
				GCC_WARN_UNINITIALIZED_AUTOS = YES_AGGRESSIVE;
				GCC_WARN_UNUSED_FUNCTION = YES;
				GCC_WARN_UNUSED_VARIABLE = YES;
				IPHONEOS_DEPLOYMENT_TARGET = 13.2;
				MTL_ENABLE_DEBUG_INFO = INCLUDE_SOURCE;
				MTL_FAST_MATH = YES;
				ONLY_ACTIVE_ARCH = YES;
				SDKROOT = iphoneos;
				SWIFT_ACTIVE_COMPILATION_CONDITIONS = DEBUG;
				SWIFT_OPTIMIZATION_LEVEL = "-Onone";
			};
			name = Debug;
		};
		EDC9FE07240ED92600E36589 /* Release */ = {
			isa = XCBuildConfiguration;
			buildSettings = {
				ALWAYS_SEARCH_USER_PATHS = NO;
				CLANG_ANALYZER_NONNULL = YES;
				CLANG_ANALYZER_NUMBER_OBJECT_CONVERSION = YES_AGGRESSIVE;
				CLANG_CXX_LANGUAGE_STANDARD = "gnu++14";
				CLANG_CXX_LIBRARY = "libc++";
				CLANG_ENABLE_MODULES = YES;
				CLANG_ENABLE_OBJC_ARC = YES;
				CLANG_ENABLE_OBJC_WEAK = YES;
				CLANG_WARN_BLOCK_CAPTURE_AUTORELEASING = YES;
				CLANG_WARN_BOOL_CONVERSION = YES;
				CLANG_WARN_COMMA = YES;
				CLANG_WARN_CONSTANT_CONVERSION = YES;
				CLANG_WARN_DEPRECATED_OBJC_IMPLEMENTATIONS = YES;
				CLANG_WARN_DIRECT_OBJC_ISA_USAGE = YES_ERROR;
				CLANG_WARN_DOCUMENTATION_COMMENTS = YES;
				CLANG_WARN_EMPTY_BODY = YES;
				CLANG_WARN_ENUM_CONVERSION = YES;
				CLANG_WARN_INFINITE_RECURSION = YES;
				CLANG_WARN_INT_CONVERSION = YES;
				CLANG_WARN_NON_LITERAL_NULL_CONVERSION = YES;
				CLANG_WARN_OBJC_IMPLICIT_RETAIN_SELF = YES;
				CLANG_WARN_OBJC_LITERAL_CONVERSION = YES;
				CLANG_WARN_OBJC_ROOT_CLASS = YES_ERROR;
				CLANG_WARN_RANGE_LOOP_ANALYSIS = YES;
				CLANG_WARN_STRICT_PROTOTYPES = YES;
				CLANG_WARN_SUSPICIOUS_MOVE = YES;
				CLANG_WARN_UNGUARDED_AVAILABILITY = YES_AGGRESSIVE;
				CLANG_WARN_UNREACHABLE_CODE = YES;
				CLANG_WARN__DUPLICATE_METHOD_MATCH = YES;
				COPY_PHASE_STRIP = NO;
				DEBUG_INFORMATION_FORMAT = "dwarf-with-dsym";
				ENABLE_NS_ASSERTIONS = NO;
				ENABLE_STRICT_OBJC_MSGSEND = YES;
				GCC_C_LANGUAGE_STANDARD = gnu11;
				GCC_NO_COMMON_BLOCKS = YES;
				GCC_WARN_64_TO_32_BIT_CONVERSION = YES;
				GCC_WARN_ABOUT_RETURN_TYPE = YES_ERROR;
				GCC_WARN_UNDECLARED_SELECTOR = YES;
				GCC_WARN_UNINITIALIZED_AUTOS = YES_AGGRESSIVE;
				GCC_WARN_UNUSED_FUNCTION = YES;
				GCC_WARN_UNUSED_VARIABLE = YES;
				IPHONEOS_DEPLOYMENT_TARGET = 13.2;
				MTL_ENABLE_DEBUG_INFO = NO;
				MTL_FAST_MATH = YES;
				SDKROOT = iphoneos;
				SWIFT_COMPILATION_MODE = wholemodule;
				SWIFT_OPTIMIZATION_LEVEL = "-O";
				VALIDATE_PRODUCT = YES;
			};
			name = Release;
		};
		EDC9FE09240ED92600E36589 /* Debug */ = {
			isa = XCBuildConfiguration;
			buildSettings = {
				ASSETCATALOG_COMPILER_APPICON_NAME = AppIcon;
				CODE_SIGN_STYLE = Automatic;
				INFOPLIST_FILE = Easysplit/Info.plist;
				LD_RUNPATH_SEARCH_PATHS = (
					"$(inherited)",
					"@executable_path/Frameworks",
				);
				PRODUCT_BUNDLE_IDENTIFIER = br.ufpe.cin.academy.Easysplit;
				PRODUCT_NAME = "$(TARGET_NAME)";
				SWIFT_VERSION = 5.0;
				TARGETED_DEVICE_FAMILY = "1,2";
			};
			name = Debug;
		};
		EDC9FE0A240ED92600E36589 /* Release */ = {
			isa = XCBuildConfiguration;
			buildSettings = {
				ASSETCATALOG_COMPILER_APPICON_NAME = AppIcon;
				CODE_SIGN_STYLE = Automatic;
				INFOPLIST_FILE = Easysplit/Info.plist;
				LD_RUNPATH_SEARCH_PATHS = (
					"$(inherited)",
					"@executable_path/Frameworks",
				);
				PRODUCT_BUNDLE_IDENTIFIER = br.ufpe.cin.academy.Easysplit;
				PRODUCT_NAME = "$(TARGET_NAME)";
				SWIFT_VERSION = 5.0;
				TARGETED_DEVICE_FAMILY = "1,2";
			};
			name = Release;
		};
/* End XCBuildConfiguration section */

/* Begin XCConfigurationList section */
		EDC9FDEF240ED92200E36589 /* Build configuration list for PBXProject "Easysplit" */ = {
			isa = XCConfigurationList;
			buildConfigurations = (
				EDC9FE06240ED92600E36589 /* Debug */,
				EDC9FE07240ED92600E36589 /* Release */,
			);
			defaultConfigurationIsVisible = 0;
			defaultConfigurationName = Release;
		};
		EDC9FE08240ED92600E36589 /* Build configuration list for PBXNativeTarget "Easysplit" */ = {
			isa = XCConfigurationList;
			buildConfigurations = (
				EDC9FE09240ED92600E36589 /* Debug */,
				EDC9FE0A240ED92600E36589 /* Release */,
			);
			defaultConfigurationIsVisible = 0;
			defaultConfigurationName = Release;
		};
/* End XCConfigurationList section */
	};
	rootObject = EDC9FDEC240ED92200E36589 /* Project object */;
}
